{
  "name": "ai-agent-training-lab",
  "version": "0.0.0",
  "lockfileVersion": 3,
  "requires": true,
  "packages": {
    "": {
      "name": "ai-agent-training-lab",
      "version": "0.0.0",
      "dependencies": {
        "@google/generative-ai": "^0.21.0",
        "react": "^18.2.0",
        "react-dom": "^18.2.0",
        "recharts": "^2.8.0"
      },
      "devDependencies": {
        "@types/node": "^20.5.0",
        "@types/react": "^18.2.0",
        "@types/react-dom": "^18.2.0",
        "@vitejs/plugin-react": "^4.0.0",
        "typescript": "^5.0.0",
        "vite": "^4.4.0"
      }
    },
    "node_modules/@google/generative-ai": {
      "version": "0.21.0",
      "resolved": "https://registry.npmjs.org/@google/generative-ai/-/generative-ai-0.21.0.tgz",
      "integrity": "sha512-example"
    },
    "node_modules/react": {
      "version": "18.2.0",
      "resolved": "https://registry.npmjs.org/react/-/react-18.2.0.tgz",
      "integrity": "sha512-example"
    },
    "node_modules/react-dom": {
      "version": "18.2.0",
      "resolved": "https://registry.npmjs.org/react-dom/-/react-dom-18.2.0.tgz",
      "integrity": "sha512-example"
    },
    "node_modules/recharts": {
      "version": "2.8.0",
      "resolved": "https://registry.npmjs.org/recharts/-/recharts-2.8.0.tgz",
      "integrity": "sha512-example"
    },
    "node_modules/@types/node": {
      "version": "20.5.0",
      "resolved": "https://registry.npmjs.org/@types/node/-/node-20.5.0.tgz",
      "integrity": "sha512-example"
    },
    "node_modules/@types/react": {
      "version": "18.2.0",
      "resolved": "https://registry.npmjs.org/@types/react/-/react-18.2.0.tgz",
      "integrity": "sha512-example"
    },
    "node_modules/@types/react-dom": {
      "version": "18.2.0",
      "resolved": "https://registry.npmjs.org/@types/react-dom/-/react-dom-18.2.0.tgz",
      "integrity": "sha512-example"
    },
    "node_modules/@vitejs/plugin-react": {
      "version": "4.0.0",
      "resolved": "https://registry.npmjs.org/@vitejs/plugin-react/-/plugin-react-4.0.0.tgz",
      "integrity": "sha512-example"
    },
    "node_modules/typescript": {
      "version": "5.0.0",
      "resolved": "https://registry.npmjs.org/typescript/-/typescript-5.0.0.tgz",
      "integrity": "sha512-example"
    },
    "node_modules/vite": {
      "version": "4.4.0",
      "resolved": "https://registry.npmjs.org/vite/-/vite-4.4.0.tgz",
      "integrity": "sha512-example"
    }
  }
}